
Microsoft Visual Studio Solution File, Format Version 12.00
# Visual Studio Version 17
VisualStudioVersion = 17.8.34316.72
MinimumVisualStudioVersion = 10.0.40219.1
Project("{9A19103F-16F7-4668-BE54-9A1E7A4F7556}") = "EmployeeLibrary", "EmployeeLibrary\EmployeeLibrary.csproj", "{6698E289-1C5B-494E-92B2-53769DA6E53E}"
EndProject
Project("{9A19103F-16F7-4668-BE54-9A1E7A4F7556}") = "EmployeeMvcApp", "EmployeeMvcApp\EmployeeMvcApp.csproj", "{649ABDD1-5B08-4ABA-A945-BC9FB2850322}"
EndProject
Project("{9A19103F-16F7-4668-BE54-9A1E7A4F7556}") = "EmployeeApi", "EmployeeApi\EmployeeApi.csproj", "{1C7FB926-A281-40E9-BFE4-E9B3D24ED84D}"
EndProject
Project("{FAE04EC0-301F-11D3-BF4B-00C04F79EFBC}") = "CallEmpApiConApp", "CallEmpApiConApp\CallEmpApiConApp.csproj", "{469FE98B-DB91-48AB-844D-66BCA13A76CA}"
EndProject
Global
	GlobalSection(SolutionConfigurationPlatforms) = preSolution
		Debug|Any CPU = Debug|Any CPU
		Release|Any CPU = Release|Any CPU
	EndGlobalSection
	GlobalSection(ProjectConfigurationPlatforms) = postSolution
		{6698E289-1C5B-494E-92B2-53769DA6E53E}.Debug|Any CPU.ActiveCfg = Debug|Any CPU
		{6698E289-1C5B-494E-92B2-53769DA6E53E}.Debug|Any CPU.Build.0 = Debug|Any CPU
		{6698E289-1C5B-494E-92B2-53769DA6E53E}.Release|Any CPU.ActiveCfg = Release|Any CPU
		{6698E289-1C5B-494E-92B2-53769DA6E53E}.Release|Any CPU.Build.0 = Release|Any CPU
		{649ABDD1-5B08-4ABA-A945-BC9FB2850322}.Debug|Any CPU.ActiveCfg = Debug|Any CPU
		{649ABDD1-5B08-4ABA-A945-BC9FB2850322}.Debug|Any CPU.Build.0 = Debug|Any CPU
		{649ABDD1-5B08-4ABA-A945-BC9FB2850322}.Release|Any CPU.ActiveCfg = Release|Any CPU
		{649ABDD1-5B08-4ABA-A945-BC9FB2850322}.Release|Any CPU.Build.0 = Release|Any CPU
		{1C7FB926-A281-40E9-BFE4-E9B3D24ED84D}.Debug|Any CPU.ActiveCfg = Debug|Any CPU
		{1C7FB926-A281-40E9-BFE4-E9B3D24ED84D}.Debug|Any CPU.Build.0 = Debug|Any CPU
		{1C7FB926-A281-40E9-BFE4-E9B3D24ED84D}.Release|Any CPU.ActiveCfg = Release|Any CPU
		{1C7FB926-A281-40E9-BFE4-E9B3D24ED84D}.Release|Any CPU.Build.0 = Release|Any CPU
		{469FE98B-DB91-48AB-844D-66BCA13A76CA}.Debug|Any CPU.ActiveCfg = Debug|Any CPU
		{469FE98B-DB91-48AB-844D-66BCA13A76CA}.Debug|Any CPU.Build.0 = Debug|Any CPU
		{469FE98B-DB91-48AB-844D-66BCA13A76CA}.Release|Any CPU.ActiveCfg = Release|Any CPU
		{469FE98B-DB91-48AB-844D-66BCA13A76CA}.Release|Any CPU.Build.0 = Release|Any CPU
	EndGlobalSection
	GlobalSection(SolutionProperties) = preSolution
		HideSolutionNode = FALSE
	EndGlobalSection
	GlobalSection(ExtensibilityGlobals) = postSolution
		SolutionGuid = {E8A0EC8D-D6EA-4589-9C39-C43B4FC401B0}
	EndGlobalSection
EndGlobal
